Microsoft Visual Studio Solution File, Format Version 12.00
# Visual Studio Version 17
VisualStudioVersion = 17.5.2.0
MinimumVisualStudioVersion = 10.0.40219.1
Project("{2150E333-8FDC-42A3-9474-1A3956D46DE8}") = "Dice", "Dice", "{975A7440-9061-E4FA-254D-525A94780AA8}"
EndProject
Project("{2150E333-8FDC-42A3-9474-1A3956D46DE8}") = "Renew_Sub_Alert", "Renew_Sub_Alert", "{600110A7-5F62-4C79-6A8D-BC4BEEC6096C}"
EndProject
Project("{FAE04EC0-301F-11D3-BF4B-00C04F79EFBC}") = "dice", "Dice\dice\dice.csproj", "{E0FAE34D-975C-CBBE-7959-031EB0A5CD8E}"
EndProject
Project("{FAE04EC0-301F-11D3-BF4B-00C04F79EFBC}") = "renew_sub_alert", "Renew_Sub_Alert\renew_sub_alert\renew_sub_alert.csproj", "{7A2820E3-6FC4-3C26-E65E-551CFD48D10A}"
EndProject
Global
	GlobalSection(SolutionConfigurationPlatforms) = preSolution
		Debug|Any CPU = Debug|Any CPU
		Release|Any CPU = Release|Any CPU
	EndGlobalSection
	GlobalSection(ProjectConfigurationPlatforms) = postSolution
		{E0FAE34D-975C-CBBE-7959-031EB0A5CD8E}.Debug|Any CPU.ActiveCfg = Debug|Any CPU
		{E0FAE34D-975C-CBBE-7959-031EB0A5CD8E}.Debug|Any CPU.Build.0 = Debug|Any CPU
		{E0FAE34D-975C-CBBE-7959-031EB0A5CD8E}.Release|Any CPU.ActiveCfg = Release|Any CPU
		{E0FAE34D-975C-CBBE-7959-031EB0A5CD8E}.Release|Any CPU.Build.0 = Release|Any CPU
		{7A2820E3-6FC4-3C26-E65E-551CFD48D10A}.Debug|Any CPU.ActiveCfg = Debug|Any CPU
		{7A2820E3-6FC4-3C26-E65E-551CFD48D10A}.Debug|Any CPU.Build.0 = Debug|Any CPU
		{7A2820E3-6FC4-3C26-E65E-551CFD48D10A}.Release|Any CPU.ActiveCfg = Release|Any CPU
		{7A2820E3-6FC4-3C26-E65E-551CFD48D10A}.Release|Any CPU.Build.0 = Release|Any CPU
	EndGlobalSection
	GlobalSection(SolutionProperties) = preSolution
		HideSolutionNode = FALSE
	EndGlobalSection
	GlobalSection(NestedProjects) = preSolution
		{E0FAE34D-975C-CBBE-7959-031EB0A5CD8E} = {975A7440-9061-E4FA-254D-525A94780AA8}
		{7A2820E3-6FC4-3C26-E65E-551CFD48D10A} = {600110A7-5F62-4C79-6A8D-BC4BEEC6096C}
	EndGlobalSection
	GlobalSection(ExtensibilityGlobals) = postSolution
		SolutionGuid = {4EBC4D75-3A18-42F6-AACE-EF4DE74703E9}
	EndGlobalSection
EndGlobal
